
Microsoft Visual Studio Solution File, Format Version 12.00
# Visual Studio Version 16
VisualStudioVersion = 16.0.31205.134
MinimumVisualStudioVersion = 10.0.40219.1
Project("{9A19103F-16F7-4668-BE54-9A1E7A4F7556}") = "Kadry.Web", "Kadry.Web\Kadry.Web.csproj", "{F1AB8938-50AC-49AC-BCF0-27821E6B3A2A}"
EndProject
Project("{9A19103F-16F7-4668-BE54-9A1E7A4F7556}") = "CQRS", "CQRS\CQRS.csproj", "{43B8FAB8-2DAC-4459-B91F-D527E9E0584D}"
EndProject
Project("{9A19103F-16F7-4668-BE54-9A1E7A4F7556}") = "Kadry.Db", "Kadry.Db\Kadry.Db.csproj", "{16062887-165F-4FE8-8EDD-ACE05191E19C}"
EndProject
Project("{9A19103F-16F7-4668-BE54-9A1E7A4F7556}") = "Kadry.Tests", "Kadry.Tests\Kadry.Tests.csproj", "{3E82F11A-7371-472F-AB42-ED7C8746015E}"
EndProject
Project("{9A19103F-16F7-4668-BE54-9A1E7A4F7556}") = "Specification", "Specification\Specification.csproj", "{73BD0476-816C-4ECF-84E0-61C2AE777BF4}"
EndProject
Global
	GlobalSection(SolutionConfigurationPlatforms) = preSolution
		Debug|Any CPU = Debug|Any CPU
		Release|Any CPU = Release|Any CPU
	EndGlobalSection
	GlobalSection(ProjectConfigurationPlatforms) = postSolution
		{F1AB8938-50AC-49AC-BCF0-27821E6B3A2A}.Debug|Any CPU.ActiveCfg = Debug|Any CPU
		{F1AB8938-50AC-49AC-BCF0-27821E6B3A2A}.Debug|Any CPU.Build.0 = Debug|Any CPU
		{F1AB8938-50AC-49AC-BCF0-27821E6B3A2A}.Release|Any CPU.ActiveCfg = Release|Any CPU
		{F1AB8938-50AC-49AC-BCF0-27821E6B3A2A}.Release|Any CPU.Build.0 = Release|Any CPU
		{43B8FAB8-2DAC-4459-B91F-D527E9E0584D}.Debug|Any CPU.ActiveCfg = Debug|Any CPU
		{43B8FAB8-2DAC-4459-B91F-D527E9E0584D}.Debug|Any CPU.Build.0 = Debug|Any CPU
		{43B8FAB8-2DAC-4459-B91F-D527E9E0584D}.Release|Any CPU.ActiveCfg = Release|Any CPU
		{43B8FAB8-2DAC-4459-B91F-D527E9E0584D}.Release|Any CPU.Build.0 = Release|Any CPU
		{16062887-165F-4FE8-8EDD-ACE05191E19C}.Debug|Any CPU.ActiveCfg = Debug|Any CPU
		{16062887-165F-4FE8-8EDD-ACE05191E19C}.Debug|Any CPU.Build.0 = Debug|Any CPU
		{16062887-165F-4FE8-8EDD-ACE05191E19C}.Release|Any CPU.ActiveCfg = Release|Any CPU
		{16062887-165F-4FE8-8EDD-ACE05191E19C}.Release|Any CPU.Build.0 = Release|Any CPU
		{3E82F11A-7371-472F-AB42-ED7C8746015E}.Debug|Any CPU.ActiveCfg = Debug|Any CPU
		{3E82F11A-7371-472F-AB42-ED7C8746015E}.Debug|Any CPU.Build.0 = Debug|Any CPU
		{3E82F11A-7371-472F-AB42-ED7C8746015E}.Release|Any CPU.ActiveCfg = Release|Any CPU
		{3E82F11A-7371-472F-AB42-ED7C8746015E}.Release|Any CPU.Build.0 = Release|Any CPU
		{73BD0476-816C-4ECF-84E0-61C2AE777BF4}.Debug|Any CPU.ActiveCfg = Debug|Any CPU
		{73BD0476-816C-4ECF-84E0-61C2AE777BF4}.Debug|Any CPU.Build.0 = Debug|Any CPU
		{73BD0476-816C-4ECF-84E0-61C2AE777BF4}.Release|Any CPU.ActiveCfg = Release|Any CPU
		{73BD0476-816C-4ECF-84E0-61C2AE777BF4}.Release|Any CPU.Build.0 = Release|Any CPU
	EndGlobalSection
	GlobalSection(SolutionProperties) = preSolution
		HideSolutionNode = FALSE
	EndGlobalSection
	GlobalSection(ExtensibilityGlobals) = postSolution
		SolutionGuid = {6730A8C6-49BB-48CC-BF24-68E87AF24E32}
	EndGlobalSection
EndGlobal
