
Microsoft Visual Studio Solution File, Format Version 12.00
# Visual Studio Version 16
VisualStudioVersion = 16.0.31205.134
MinimumVisualStudioVersion = 10.0.40219.1
Project("{9A19103F-16F7-4668-BE54-9A1E7A4F7556}") = "Kadry.Web", "Kadry.Web\Kadry.Web.csproj", "{F1AB8938-50AC-49AC-BCF0-27821E6B3A2A}"
EndProject
Project("{FAE04EC0-301F-11D3-BF4B-00C04F79EFBC}") = "CQRS", "CQRS\CQRS.csproj", "{43B8FAB8-2DAC-4459-B91F-D527E9E0584D}"
EndProject
Global
	GlobalSection(SolutionConfigurationPlatforms) = preSolution
		Debug|Any CPU = Debug|Any CPU
		Release|Any CPU = Release|Any CPU
	EndGlobalSection
	GlobalSection(ProjectConfigurationPlatforms) = postSolution
		{F1AB8938-50AC-49AC-BCF0-27821E6B3A2A}.Debug|Any CPU.ActiveCfg = Debug|Any CPU
		{F1AB8938-50AC-49AC-BCF0-27821E6B3A2A}.Debug|Any CPU.Build.0 = Debug|Any CPU
		{F1AB8938-50AC-49AC-BCF0-27821E6B3A2A}.Release|Any CPU.ActiveCfg = Release|Any CPU
		{F1AB8938-50AC-49AC-BCF0-27821E6B3A2A}.Release|Any CPU.Build.0 = Release|Any CPU
		{43B8FAB8-2DAC-4459-B91F-D527E9E0584D}.Debug|Any CPU.ActiveCfg = Debug|Any CPU
		{43B8FAB8-2DAC-4459-B91F-D527E9E0584D}.Debug|Any CPU.Build.0 = Debug|Any CPU
		{43B8FAB8-2DAC-4459-B91F-D527E9E0584D}.Release|Any CPU.ActiveCfg = Release|Any CPU
		{43B8FAB8-2DAC-4459-B91F-D527E9E0584D}.Release|Any CPU.Build.0 = Release|Any CPU
	EndGlobalSection
	GlobalSection(SolutionProperties) = preSolution
		HideSolutionNode = FALSE
	EndGlobalSection
	GlobalSection(ExtensibilityGlobals) = postSolution
		SolutionGuid = {6730A8C6-49BB-48CC-BF24-68E87AF24E32}
	EndGlobalSection
EndGlobal
